Microsoft Visual Studio Solution File, Format Version 9.00
# Visual Studio 2005
Project("{8BC9CEB8-8B4A-11D0-8D11-00A0C91BC942}") = "FTNoIR_Filter_EWMA2", "FTNoIR_Filter_EWMA2\FTNoIR_Filter_EWMA2_vc8.vcproj", "{7DD9F1AA-B7C0-4056-AC4A-1501840E6438}"
EndProject
Project("{8BC9CEB8-8B4A-11D0-8D11-00A0C91BC942}") = "FTNoIR_Tracker_SM", "FTNoIR_Tracker_SM\FTNoIR_Tracker_SM_vc8.vcproj", "{26346BCF-92A5-47A7-B4CF-73C402F7C3AD}"
EndProject
Project("{8BC9CEB8-8B4A-11D0-8D11-00A0C91BC942}") = "FTNoIR_FaceAPI_EXE", "faceAPI\FaceAPI2FSX_vc8.vcproj", "{EF743D32-0980-44D9-BA9E-B9D2456251AC}"
EndProject
Project("{8BC9CEB8-8B4A-11D0-8D11-00A0C91BC942}") = "FTNoIR_Protocol_FTIR", "FTNoIR_Protocol_FTIR\FTNoIR_Protocol_FTIR_vc8.vcproj", "{BC5B8583-036A-4A9B-84AE-01158EE6F5A4}"
EndProject
Project("{8BC9CEB8-8B4A-11D0-8D11-00A0C91BC942}") = "FTNoIR_Protocol_FT", "FTNoIR_Protocol_FT\FTNoIR_Protocol_FT_vc8.vcproj", "{FE2FF09B-207D-468C-9763-23861956F388}"
EndProject
Project("{8BC9CEB8-8B4A-11D0-8D11-00A0C91BC942}") = "FTNoIR_Protocol_PPJOY", "FTNoIR_Protocol_PPJOY\FTNoIR_Protocol_PPJOY_vc8.vcproj", "{8751C6A1-A504-49C6-9D82-A66CDCBFA2AB}"
EndProject
Project("{8BC9CEB8-8B4A-11D0-8D11-00A0C91BC942}") = "FTNoIR_Protocol_FTN", "FTNoIR_Protocol_FTN\FTNoIR_Protocol_FTN_vc8.vcproj", "{166A9AF8-90E0-4889-ADAA-5E6E3DD20194}"
EndProject
Project("{8BC9CEB8-8B4A-11D0-8D11-00A0C91BC942}") = "FTNoIR_Protocol_MOUSE", "FTNoIR_Protocol_MOUSE\FTNoIR_Protocol_MOUSE_vc8.vcproj", "{BD90CC3A-965C-4DAF-8D3D-8AABA455BA9E}"
EndProject
Project("{8BC9CEB8-8B4A-11D0-8D11-00A0C91BC942}") = "FaceTrackNoIR", "FaceTrackNoIR\FaceTrackNoIR_vc8.vcproj", "{9DCDB5B9-941E-42F7-AF76-DF794AA3C013}"
	ProjectSection(ProjectDependencies) = postProject
		{2527B683-7EFC-4D51-B25A-843668649C54} = {2527B683-7EFC-4D51-B25A-843668649C54}
	EndProjectSection
EndProject
Project("{8BC9CEB8-8B4A-11D0-8D11-00A0C91BC942}") = "QFunctionConfigurator", "QFunctionConfigurator\QFunctionConfigurator\QFunctionConfigurator.vcproj", "{2527B683-7EFC-4D51-B25A-843668649C54}"
EndProject
Project("{8BC9CEB8-8B4A-11D0-8D11-00A0C91BC942}") = "FTNoIR_Filter_Accela", "FTNoIR_Filter_Accela\FTNoIR_Filter_accela_vc8.vcproj", "{2212857A-7634-4E30-BA83-539EC70176E6}"
	ProjectSection(ProjectDependencies) = postProject
		{2527B683-7EFC-4D51-B25A-843668649C54} = {2527B683-7EFC-4D51-B25A-843668649C54}
	EndProjectSection
EndProject
Project("{8BC9CEB8-8B4A-11D0-8D11-00A0C91BC942}") = "FTNoIR_Tracker_UDP", "FTNoIR_Tracker_UDP\FTNoIR_Tracker_UDP.vcproj", "{A42E7DE9-C1C5-48A2-8FEA-86D31CE3DA31}"
EndProject
Global
	GlobalSection(SolutionConfigurationPlatforms) = preSolution
		Release|Win32 = Release|Win32
	EndGlobalSection
	GlobalSection(ProjectConfigurationPlatforms) = postSolution
		{7DD9F1AA-B7C0-4056-AC4A-1501840E6438}.Release|Win32.ActiveCfg = Release|Win32
		{7DD9F1AA-B7C0-4056-AC4A-1501840E6438}.Release|Win32.Build.0 = Release|Win32
		{26346BCF-92A5-47A7-B4CF-73C402F7C3AD}.Release|Win32.ActiveCfg = Release|Win32
		{26346BCF-92A5-47A7-B4CF-73C402F7C3AD}.Release|Win32.Build.0 = Release|Win32
		{EF743D32-0980-44D9-BA9E-B9D2456251AC}.Release|Win32.ActiveCfg = Release|Win32
		{EF743D32-0980-44D9-BA9E-B9D2456251AC}.Release|Win32.Build.0 = Release|Win32
		{BC5B8583-036A-4A9B-84AE-01158EE6F5A4}.Release|Win32.ActiveCfg = Release|Win32
		{BC5B8583-036A-4A9B-84AE-01158EE6F5A4}.Release|Win32.Build.0 = Release|Win32
		{FE2FF09B-207D-468C-9763-23861956F388}.Release|Win32.ActiveCfg = Release|Win32
		{FE2FF09B-207D-468C-9763-23861956F388}.Release|Win32.Build.0 = Release|Win32
		{8751C6A1-A504-49C6-9D82-A66CDCBFA2AB}.Release|Win32.ActiveCfg = Release|Win32
		{8751C6A1-A504-49C6-9D82-A66CDCBFA2AB}.Release|Win32.Build.0 = Release|Win32
		{166A9AF8-90E0-4889-ADAA-5E6E3DD20194}.Release|Win32.ActiveCfg = Release|Win32
		{166A9AF8-90E0-4889-ADAA-5E6E3DD20194}.Release|Win32.Build.0 = Release|Win32
		{BD90CC3A-965C-4DAF-8D3D-8AABA455BA9E}.Release|Win32.ActiveCfg = Release|Win32
		{BD90CC3A-965C-4DAF-8D3D-8AABA455BA9E}.Release|Win32.Build.0 = Release|Win32
		{9DCDB5B9-941E-42F7-AF76-DF794AA3C013}.Release|Win32.ActiveCfg = Release|Win32
		{9DCDB5B9-941E-42F7-AF76-DF794AA3C013}.Release|Win32.Build.0 = Release|Win32
		{2527B683-7EFC-4D51-B25A-843668649C54}.Release|Win32.ActiveCfg = Release|Win32
		{2527B683-7EFC-4D51-B25A-843668649C54}.Release|Win32.Build.0 = Release|Win32
		{2212857A-7634-4E30-BA83-539EC70176E6}.Release|Win32.ActiveCfg = Release|Win32
		{2212857A-7634-4E30-BA83-539EC70176E6}.Release|Win32.Build.0 = Release|Win32
		{A42E7DE9-C1C5-48A2-8FEA-86D31CE3DA31}.Release|Win32.ActiveCfg = Release|Win32
		{A42E7DE9-C1C5-48A2-8FEA-86D31CE3DA31}.Release|Win32.Build.0 = Release|Win32
	EndGlobalSection
	GlobalSection(SolutionProperties) = preSolution
		HideSolutionNode = FALSE
	EndGlobalSection
	GlobalSection(ExtensibilityGlobals) = postSolution
		QtVersion = 4.6.2
	EndGlobalSection
EndGlobal
