
Microsoft Visual Studio Solution File, Format Version 9.00
# Visual Studio 2005
Project("{8BC9CEB8-8B4A-11D0-8D11-00A0C91BC942}") = "FaceTrackNoIR", "FaceTrackNoIR\FaceTrackNoIR.vcproj", "{9DCDB5B9-941E-42F7-AF76-DF794AA3C013}"
EndProject
Project("{54435603-DBB4-11D2-8724-00A0C9A8B90C}") = "SetupFaceTrackNoIR", "SetupFaceTrackNoIR\SetupFaceTrackNoIR.vdproj", "{95D54F4D-F5E2-4DEC-B517-E32F34312C07}"
EndProject
Project("{8BC9CEB8-8B4A-11D0-8D11-00A0C91BC942}") = "FTNoIR_ProtocolTester", "FTNoIR_ProtocolTester\FTNoIR_ProtocolTester.vcproj", "{52D2A4B6-7D76-437B-AD7F-7CDB13F2D27C}"
EndProject
Project("{8BC9CEB8-8B4A-11D0-8D11-00A0C91BC942}") = "FTNoIR_Tracker_UDP", "FTNoIR_Tracker_UDP\FTNoIR_Tracker_UDP.vcproj", "{A42E7DE9-C1C5-48A2-8FEA-86D31CE3DA31}"
EndProject
Project("{8BC9CEB8-8B4A-11D0-8D11-00A0C91BC942}") = "FTNoIR_Filter_EWMA2", "FTNoIR_Filter_EWMA2\FTNoIR_Filter_EWMA2.vcproj", "{7DD9F1AA-B7C0-4056-AC4A-1501840E6438}"
EndProject
Global
	GlobalSection(SolutionConfigurationPlatforms) = preSolution
		Debug|Win32 = Debug|Win32
		Release|Win32 = Release|Win32
	EndGlobalSection
	GlobalSection(ProjectConfigurationPlatforms) = postSolution
		{9DCDB5B9-941E-42F7-AF76-DF794AA3C013}.Debug|Win32.ActiveCfg = Debug|Win32
		{9DCDB5B9-941E-42F7-AF76-DF794AA3C013}.Debug|Win32.Build.0 = Debug|Win32
		{9DCDB5B9-941E-42F7-AF76-DF794AA3C013}.Release|Win32.ActiveCfg = Release|Win32
		{9DCDB5B9-941E-42F7-AF76-DF794AA3C013}.Release|Win32.Build.0 = Release|Win32
		{95D54F4D-F5E2-4DEC-B517-E32F34312C07}.Debug|Win32.ActiveCfg = Debug
		{95D54F4D-F5E2-4DEC-B517-E32F34312C07}.Release|Win32.ActiveCfg = Release
		{52D2A4B6-7D76-437B-AD7F-7CDB13F2D27C}.Debug|Win32.ActiveCfg = Debug|Win32
		{52D2A4B6-7D76-437B-AD7F-7CDB13F2D27C}.Release|Win32.ActiveCfg = Release|Win32
		{52D2A4B6-7D76-437B-AD7F-7CDB13F2D27C}.Release|Win32.Build.0 = Release|Win32
		{A42E7DE9-C1C5-48A2-8FEA-86D31CE3DA31}.Debug|Win32.ActiveCfg = Debug|Win32
		{A42E7DE9-C1C5-48A2-8FEA-86D31CE3DA31}.Debug|Win32.Build.0 = Debug|Win32
		{A42E7DE9-C1C5-48A2-8FEA-86D31CE3DA31}.Release|Win32.ActiveCfg = Release|Win32
		{A42E7DE9-C1C5-48A2-8FEA-86D31CE3DA31}.Release|Win32.Build.0 = Release|Win32
		{7DD9F1AA-B7C0-4056-AC4A-1501840E6438}.Debug|Win32.ActiveCfg = Debug|Win32
		{7DD9F1AA-B7C0-4056-AC4A-1501840E6438}.Debug|Win32.Build.0 = Debug|Win32
		{7DD9F1AA-B7C0-4056-AC4A-1501840E6438}.Release|Win32.ActiveCfg = Release|Win32
		{7DD9F1AA-B7C0-4056-AC4A-1501840E6438}.Release|Win32.Build.0 = Release|Win32
	EndGlobalSection
	GlobalSection(SolutionProperties) = preSolution
		HideSolutionNode = FALSE
	EndGlobalSection
	GlobalSection(ExtensibilityGlobals) = postSolution
		QtVersion = QT114
	EndGlobalSection
EndGlobal
