
Microsoft Visual Studio Solution File, Format Version 9.00
# Visual Studio 2005
Project("{8BC9CEB8-8B4A-11D0-8D11-00A0C91BC942}") = "FreeTrackClient", "FreeTrackClient\FreeTrackClient.vcproj", "{74CE36A5-0E38-4252-AAD1-7B2066247F0E}"
EndProject
Global
	GlobalSection(SolutionConfigurationPlatforms) = preSolution
		Release|Win32 = Release|Win32
		Release|x64 = Release|x64
		Release64|Win32 = Release64|Win32
		Release64|x64 = Release64|x64
	EndGlobalSection
	GlobalSection(ProjectConfigurationPlatforms) = postSolution
		{74CE36A5-0E38-4252-AAD1-7B2066247F0E}.Release|Win32.ActiveCfg = Release|Win32
		{74CE36A5-0E38-4252-AAD1-7B2066247F0E}.Release|Win32.Build.0 = Release|Win32
		{74CE36A5-0E38-4252-AAD1-7B2066247F0E}.Release|x64.ActiveCfg = Release|x64
		{74CE36A5-0E38-4252-AAD1-7B2066247F0E}.Release|x64.Build.0 = Release|x64
		{74CE36A5-0E38-4252-AAD1-7B2066247F0E}.Release64|Win32.ActiveCfg = Release64|Win32
		{74CE36A5-0E38-4252-AAD1-7B2066247F0E}.Release64|Win32.Build.0 = Release64|Win32
		{74CE36A5-0E38-4252-AAD1-7B2066247F0E}.Release64|x64.ActiveCfg = Release64|x64
		{74CE36A5-0E38-4252-AAD1-7B2066247F0E}.Release64|x64.Build.0 = Release64|x64
	EndGlobalSection
	GlobalSection(SolutionProperties) = preSolution
		HideSolutionNode = FALSE
	EndGlobalSection
EndGlobal
